
Microsoft Visual Studio Solution File, Format Version 12.00
# Visual Studio Version 16
VisualStudioVersion = 16.0.32126.315
MinimumVisualStudioVersion = 10.0.40219.1
Project("{FAE04EC0-301F-11D3-BF4B-00C04F79EFBC}") = "ReservasiHotel", "ReservasiHotel.csproj", "{D6C8F7EE-B74B-4772-BE9C-5B3C6D05B5FA}"
EndProject
Global
	GlobalSection(SolutionConfigurationPlatforms) = preSolution
		Debug|Any CPU = Debug|Any CPU
		Release|Any CPU = Release|Any CPU
	EndGlobalSection
	GlobalSection(ProjectConfigurationPlatforms) = postSolution
		{D6C8F7EE-B74B-4772-BE9C-5B3C6D05B5FA}.Debug|Any CPU.ActiveCfg = Debug|Any CPU
		{D6C8F7EE-B74B-4772-BE9C-5B3C6D05B5FA}.Debug|Any CPU.Build.0 = Debug|Any CPU
		{D6C8F7EE-B74B-4772-BE9C-5B3C6D05B5FA}.Release|Any CPU.ActiveCfg = Release|Any CPU
		{D6C8F7EE-B74B-4772-BE9C-5B3C6D05B5FA}.Release|Any CPU.Build.0 = Release|Any CPU
	EndGlobalSection
	GlobalSection(SolutionProperties) = preSolution
		HideSolutionNode = FALSE
	EndGlobalSection
	GlobalSection(ExtensibilityGlobals) = postSolution
		SolutionGuid = {84AF5E59-23B0-4E95-803B-D2D898F6ECCF}
	EndGlobalSection
EndGlobal
